
Microsoft Visual Studio Solution File, Format Version 12.00
# Visual Studio Version 16
VisualStudioVersion = 16.0.31025.194
MinimumVisualStudioVersion = 10.0.40219.1
Project("{9A19103F-16F7-4668-BE54-9A1E7A4F7556}") = "AccountService.Api", "AccountService.Api\AccountService.Api.csproj", "{F729B41E-ACD1-4D10-86D9-18C64C0388E7}"
EndProject
Project("{FAE04EC0-301F-11D3-BF4B-00C04F79EFBC}") = "AccountService.Tests", "AccountService.Tests\AccountService.Tests.csproj", "{336A7E4F-97DD-4B8C-8ED0-BB267D24E563}"
EndProject
Global
	GlobalSection(SolutionConfigurationPlatforms) = preSolution
		Debug|Any CPU = Debug|Any CPU
		Release|Any CPU = Release|Any CPU
	EndGlobalSection
	GlobalSection(ProjectConfigurationPlatforms) = postSolution
		{F729B41E-ACD1-4D10-86D9-18C64C0388E7}.Debug|Any CPU.ActiveCfg = Debug|Any CPU
		{F729B41E-ACD1-4D10-86D9-18C64C0388E7}.Debug|Any CPU.Build.0 = Debug|Any CPU
		{F729B41E-ACD1-4D10-86D9-18C64C0388E7}.Release|Any CPU.ActiveCfg = Release|Any CPU
		{F729B41E-ACD1-4D10-86D9-18C64C0388E7}.Release|Any CPU.Build.0 = Release|Any CPU
		{336A7E4F-97DD-4B8C-8ED0-BB267D24E563}.Debug|Any CPU.ActiveCfg = Debug|Any CPU
		{336A7E4F-97DD-4B8C-8ED0-BB267D24E563}.Debug|Any CPU.Build.0 = Debug|Any CPU
		{336A7E4F-97DD-4B8C-8ED0-BB267D24E563}.Release|Any CPU.ActiveCfg = Release|Any CPU
		{336A7E4F-97DD-4B8C-8ED0-BB267D24E563}.Release|Any CPU.Build.0 = Release|Any CPU
	EndGlobalSection
	GlobalSection(SolutionProperties) = preSolution
		HideSolutionNode = FALSE
	EndGlobalSection
	GlobalSection(ExtensibilityGlobals) = postSolution
		SolutionGuid = {08DD02E6-C6D4-4DCD-99CC-A2B45D594C90}
	EndGlobalSection
EndGlobal
